
Microsoft Visual Studio Solution File, Format Version 12.00
# Visual Studio Version 16
VisualStudioVersion = 16.0.32002.261
MinimumVisualStudioVersion = 10.0.40219.1
Project("{FAE04EC0-301F-11D3-BF4B-00C04F79EFBC}") = "20220106_Thumb選択", "20220106_Thumb選択\20220106_Thumb選択.csproj", "{421A327C-D718-4F04-8449-9684D73AADF1}"
EndProject
Global
	GlobalSection(SolutionConfigurationPlatforms) = preSolution
		Debug|Any CPU = Debug|Any CPU
		Release|Any CPU = Release|Any CPU
	EndGlobalSection
	GlobalSection(ProjectConfigurationPlatforms) = postSolution
		{421A327C-D718-4F04-8449-9684D73AADF1}.Debug|Any CPU.ActiveCfg = Debug|Any CPU
		{421A327C-D718-4F04-8449-9684D73AADF1}.Debug|Any CPU.Build.0 = Debug|Any CPU
		{421A327C-D718-4F04-8449-9684D73AADF1}.Release|Any CPU.ActiveCfg = Release|Any CPU
		{421A327C-D718-4F04-8449-9684D73AADF1}.Release|Any CPU.Build.0 = Release|Any CPU
	EndGlobalSection
	GlobalSection(SolutionProperties) = preSolution
		HideSolutionNode = FALSE
	EndGlobalSection
	GlobalSection(ExtensibilityGlobals) = postSolution
		SolutionGuid = {B4817111-D60C-4173-A55E-5E34798D85C6}
	EndGlobalSection
EndGlobal
