
Microsoft Visual Studio Solution File, Format Version 12.00
# Visual Studio Version 16
VisualStudioVersion = 16.0.32106.194
MinimumVisualStudioVersion = 10.0.40219.1
Project("{FAE04EC0-301F-11D3-BF4B-00C04F79EFBC}") = "20220115_移動後にThumbサイズ更新", "20220115_移動後にThumbサイズ更新\20220115_移動後にThumbサイズ更新.csproj", "{7B08BDB8-81EE-42FD-8104-1336E000D922}"
EndProject
Global
	GlobalSection(SolutionConfigurationPlatforms) = preSolution
		Debug|Any CPU = Debug|Any CPU
		Release|Any CPU = Release|Any CPU
	EndGlobalSection
	GlobalSection(ProjectConfigurationPlatforms) = postSolution
		{7B08BDB8-81EE-42FD-8104-1336E000D922}.Debug|Any CPU.ActiveCfg = Debug|Any CPU
		{7B08BDB8-81EE-42FD-8104-1336E000D922}.Debug|Any CPU.Build.0 = Debug|Any CPU
		{7B08BDB8-81EE-42FD-8104-1336E000D922}.Release|Any CPU.ActiveCfg = Release|Any CPU
		{7B08BDB8-81EE-42FD-8104-1336E000D922}.Release|Any CPU.Build.0 = Release|Any CPU
	EndGlobalSection
	GlobalSection(SolutionProperties) = preSolution
		HideSolutionNode = FALSE
	EndGlobalSection
	GlobalSection(ExtensibilityGlobals) = postSolution
		SolutionGuid = {D2916D6C-5CBC-42D0-9DFD-445C55B26A7A}
	EndGlobalSection
EndGlobal
