
Microsoft Visual Studio Solution File, Format Version 12.00
# Visual Studio Version 16
VisualStudioVersion = 16.0.32228.343
MinimumVisualStudioVersion = 10.0.40219.1
Project("{FAE04EC0-301F-11D3-BF4B-00C04F79EFBC}") = "20220409CanvasSample", "20220409CanvasSample\20220409CanvasSample.csproj", "{9C8E98FE-871E-4CEC-9425-45803B9498E2}"
EndProject
Global
	GlobalSection(SolutionConfigurationPlatforms) = preSolution
		Debug|Any CPU = Debug|Any CPU
		Release|Any CPU = Release|Any CPU
	EndGlobalSection
	GlobalSection(ProjectConfigurationPlatforms) = postSolution
		{9C8E98FE-871E-4CEC-9425-45803B9498E2}.Debug|Any CPU.ActiveCfg = Debug|Any CPU
		{9C8E98FE-871E-4CEC-9425-45803B9498E2}.Debug|Any CPU.Build.0 = Debug|Any CPU
		{9C8E98FE-871E-4CEC-9425-45803B9498E2}.Release|Any CPU.ActiveCfg = Release|Any CPU
		{9C8E98FE-871E-4CEC-9425-45803B9498E2}.Release|Any CPU.Build.0 = Release|Any CPU
	EndGlobalSection
	GlobalSection(SolutionProperties) = preSolution
		HideSolutionNode = FALSE
	EndGlobalSection
	GlobalSection(ExtensibilityGlobals) = postSolution
		SolutionGuid = {19879521-CF0F-4040-AED1-E14D82A1D074}
	EndGlobalSection
EndGlobal
