
Microsoft Visual Studio Solution File, Format Version 12.00
# Visual Studio Version 16
VisualStudioVersion = 16.0.32106.194
MinimumVisualStudioVersion = 10.0.40219.1
Project("{FAE04EC0-301F-11D3-BF4B-00C04F79EFBC}") = "20220122", "20220122\20220122.csproj", "{FA1D0421-656D-48B2-8AF8-21CACE32DEBB}"
EndProject
Global
	GlobalSection(SolutionConfigurationPlatforms) = preSolution
		Debug|Any CPU = Debug|Any CPU
		Release|Any CPU = Release|Any CPU
	EndGlobalSection
	GlobalSection(ProjectConfigurationPlatforms) = postSolution
		{FA1D0421-656D-48B2-8AF8-21CACE32DEBB}.Debug|Any CPU.ActiveCfg = Debug|Any CPU
		{FA1D0421-656D-48B2-8AF8-21CACE32DEBB}.Debug|Any CPU.Build.0 = Debug|Any CPU
		{FA1D0421-656D-48B2-8AF8-21CACE32DEBB}.Release|Any CPU.ActiveCfg = Release|Any CPU
		{FA1D0421-656D-48B2-8AF8-21CACE32DEBB}.Release|Any CPU.Build.0 = Release|Any CPU
	EndGlobalSection
	GlobalSection(SolutionProperties) = preSolution
		HideSolutionNode = FALSE
	EndGlobalSection
	GlobalSection(ExtensibilityGlobals) = postSolution
		SolutionGuid = {6C057529-C30C-4C89-9F24-657C01E91CB9}
	EndGlobalSection
EndGlobal
