
Microsoft Visual Studio Solution File, Format Version 12.00
# Visual Studio Version 16
VisualStudioVersion = 16.0.32106.194
MinimumVisualStudioVersion = 10.0.40219.1
Project("{FAE04EC0-301F-11D3-BF4B-00C04F79EFBC}") = "20220113", "20220113\20220113.csproj", "{2C8B9ABF-CE3F-402C-A938-5E35EB7EEF8B}"
EndProject
Global
	GlobalSection(SolutionConfigurationPlatforms) = preSolution
		Debug|Any CPU = Debug|Any CPU
		Release|Any CPU = Release|Any CPU
	EndGlobalSection
	GlobalSection(ProjectConfigurationPlatforms) = postSolution
		{2C8B9ABF-CE3F-402C-A938-5E35EB7EEF8B}.Debug|Any CPU.ActiveCfg = Debug|Any CPU
		{2C8B9ABF-CE3F-402C-A938-5E35EB7EEF8B}.Debug|Any CPU.Build.0 = Debug|Any CPU
		{2C8B9ABF-CE3F-402C-A938-5E35EB7EEF8B}.Release|Any CPU.ActiveCfg = Release|Any CPU
		{2C8B9ABF-CE3F-402C-A938-5E35EB7EEF8B}.Release|Any CPU.Build.0 = Release|Any CPU
	EndGlobalSection
	GlobalSection(SolutionProperties) = preSolution
		HideSolutionNode = FALSE
	EndGlobalSection
	GlobalSection(ExtensibilityGlobals) = postSolution
		SolutionGuid = {42541C57-CED3-40FC-BDD2-EA588B0CD7AC}
	EndGlobalSection
EndGlobal
