
Microsoft Visual Studio Solution File, Format Version 12.00
# Visual Studio Version 16
VisualStudioVersion = 16.0.32228.343
MinimumVisualStudioVersion = 10.0.40219.1
Project("{FAE04EC0-301F-11D3-BF4B-00C04F79EFBC}") = "20220408", "20220408\20220408.csproj", "{A1BFA59E-B262-4911-88D7-06691FB099A0}"
EndProject
Global
	GlobalSection(SolutionConfigurationPlatforms) = preSolution
		Debug|Any CPU = Debug|Any CPU
		Release|Any CPU = Release|Any CPU
	EndGlobalSection
	GlobalSection(ProjectConfigurationPlatforms) = postSolution
		{A1BFA59E-B262-4911-88D7-06691FB099A0}.Debug|Any CPU.ActiveCfg = Debug|Any CPU
		{A1BFA59E-B262-4911-88D7-06691FB099A0}.Debug|Any CPU.Build.0 = Debug|Any CPU
		{A1BFA59E-B262-4911-88D7-06691FB099A0}.Release|Any CPU.ActiveCfg = Release|Any CPU
		{A1BFA59E-B262-4911-88D7-06691FB099A0}.Release|Any CPU.Build.0 = Release|Any CPU
	EndGlobalSection
	GlobalSection(SolutionProperties) = preSolution
		HideSolutionNode = FALSE
	EndGlobalSection
	GlobalSection(ExtensibilityGlobals) = postSolution
		SolutionGuid = {AA41A2FB-AD89-429D-9D6C-82997B371ABA}
	EndGlobalSection
EndGlobal
