
Microsoft Visual Studio Solution File, Format Version 12.00
# Visual Studio Version 16
VisualStudioVersion = 16.0.32228.343
MinimumVisualStudioVersion = 10.0.40219.1
Project("{FAE04EC0-301F-11D3-BF4B-00C04F79EFBC}") = "20220410_CanvasBinging", "20220410_CanvasBinging\20220410_CanvasBinging.csproj", "{5542708C-DACB-4281-AF9B-DB7B4C4E8BFA}"
EndProject
Global
	GlobalSection(SolutionConfigurationPlatforms) = preSolution
		Debug|Any CPU = Debug|Any CPU
		Release|Any CPU = Release|Any CPU
	EndGlobalSection
	GlobalSection(ProjectConfigurationPlatforms) = postSolution
		{5542708C-DACB-4281-AF9B-DB7B4C4E8BFA}.Debug|Any CPU.ActiveCfg = Debug|Any CPU
		{5542708C-DACB-4281-AF9B-DB7B4C4E8BFA}.Debug|Any CPU.Build.0 = Debug|Any CPU
		{5542708C-DACB-4281-AF9B-DB7B4C4E8BFA}.Release|Any CPU.ActiveCfg = Release|Any CPU
		{5542708C-DACB-4281-AF9B-DB7B4C4E8BFA}.Release|Any CPU.Build.0 = Release|Any CPU
	EndGlobalSection
	GlobalSection(SolutionProperties) = preSolution
		HideSolutionNode = FALSE
	EndGlobalSection
	GlobalSection(ExtensibilityGlobals) = postSolution
		SolutionGuid = {54567726-57F2-4109-B4D9-94086D32A7EE}
	EndGlobalSection
EndGlobal
