
Microsoft Visual Studio Solution File, Format Version 12.00
# Visual Studio Version 17
VisualStudioVersion = 17.4.33110.190
MinimumVisualStudioVersion = 10.0.40219.1
Project("{FAE04EC0-301F-11D3-BF4B-00C04F79EFBC}") = "20221126_矢印図形", "20221126_矢印図形\20221126_矢印図形.csproj", "{25EC2CB3-8952-4B37-9772-E15D7B913002}"
EndProject
Global
	GlobalSection(SolutionConfigurationPlatforms) = preSolution
		Debug|Any CPU = Debug|Any CPU
		Release|Any CPU = Release|Any CPU
	EndGlobalSection
	GlobalSection(ProjectConfigurationPlatforms) = postSolution
		{25EC2CB3-8952-4B37-9772-E15D7B913002}.Debug|Any CPU.ActiveCfg = Debug|Any CPU
		{25EC2CB3-8952-4B37-9772-E15D7B913002}.Debug|Any CPU.Build.0 = Debug|Any CPU
		{25EC2CB3-8952-4B37-9772-E15D7B913002}.Release|Any CPU.ActiveCfg = Release|Any CPU
		{25EC2CB3-8952-4B37-9772-E15D7B913002}.Release|Any CPU.Build.0 = Release|Any CPU
	EndGlobalSection
	GlobalSection(SolutionProperties) = preSolution
		HideSolutionNode = FALSE
	EndGlobalSection
	GlobalSection(ExtensibilityGlobals) = postSolution
		SolutionGuid = {70758962-267E-49CE-86F4-52F06428D4BD}
	EndGlobalSection
EndGlobal
