
Microsoft Visual Studio Solution File, Format Version 12.00
# Visual Studio Version 17
VisualStudioVersion = 17.4.33110.190
MinimumVisualStudioVersion = 10.0.40219.1
Project("{FAE04EC0-301F-11D3-BF4B-00C04F79EFBC}") = "20221129_矢印図形", "20221129_矢印図形\20221129_矢印図形.csproj", "{920FC4C5-C3B4-461D-87E0-D5490406CE7A}"
EndProject
Global
	GlobalSection(SolutionConfigurationPlatforms) = preSolution
		Debug|Any CPU = Debug|Any CPU
		Release|Any CPU = Release|Any CPU
	EndGlobalSection
	GlobalSection(ProjectConfigurationPlatforms) = postSolution
		{920FC4C5-C3B4-461D-87E0-D5490406CE7A}.Debug|Any CPU.ActiveCfg = Debug|Any CPU
		{920FC4C5-C3B4-461D-87E0-D5490406CE7A}.Debug|Any CPU.Build.0 = Debug|Any CPU
		{920FC4C5-C3B4-461D-87E0-D5490406CE7A}.Release|Any CPU.ActiveCfg = Release|Any CPU
		{920FC4C5-C3B4-461D-87E0-D5490406CE7A}.Release|Any CPU.Build.0 = Release|Any CPU
	EndGlobalSection
	GlobalSection(SolutionProperties) = preSolution
		HideSolutionNode = FALSE
	EndGlobalSection
	GlobalSection(ExtensibilityGlobals) = postSolution
		SolutionGuid = {A1FD348F-5690-447D-A37A-0375C45A7AFD}
	EndGlobalSection
EndGlobal
