
Microsoft Visual Studio Solution File, Format Version 12.00
# Visual Studio Version 17
VisualStudioVersion = 17.2.32526.322
MinimumVisualStudioVersion = 10.0.40219.1
Project("{FAE04EC0-301F-11D3-BF4B-00C04F79EFBC}") = "20220604_SizeChangeThumb", "20220604_SizeChangeThumb\20220604_SizeChangeThumb.csproj", "{453F5796-C143-4E59-891D-7BA90654DEBC}"
EndProject
Global
	GlobalSection(SolutionConfigurationPlatforms) = preSolution
		Debug|Any CPU = Debug|Any CPU
		Release|Any CPU = Release|Any CPU
	EndGlobalSection
	GlobalSection(ProjectConfigurationPlatforms) = postSolution
		{453F5796-C143-4E59-891D-7BA90654DEBC}.Debug|Any CPU.ActiveCfg = Debug|Any CPU
		{453F5796-C143-4E59-891D-7BA90654DEBC}.Debug|Any CPU.Build.0 = Debug|Any CPU
		{453F5796-C143-4E59-891D-7BA90654DEBC}.Release|Any CPU.ActiveCfg = Release|Any CPU
		{453F5796-C143-4E59-891D-7BA90654DEBC}.Release|Any CPU.Build.0 = Release|Any CPU
	EndGlobalSection
	GlobalSection(SolutionProperties) = preSolution
		HideSolutionNode = FALSE
	EndGlobalSection
	GlobalSection(ExtensibilityGlobals) = postSolution
		SolutionGuid = {D04E3CF1-2DBF-466E-8252-B192ACC02CDB}
	EndGlobalSection
EndGlobal
