
Microsoft Visual Studio Solution File, Format Version 12.00
# Visual Studio Version 17
VisualStudioVersion = 17.4.33205.214
MinimumVisualStudioVersion = 10.0.40219.1
Project("{FAE04EC0-301F-11D3-BF4B-00C04F79EFBC}") = "20221228_AddGroup_UnGroup", "20221228_AddGroup_UnGroup\20221228_AddGroup_UnGroup.csproj", "{BBCAF279-5DD2-4D3B-86A5-4E84EDA20A8A}"
EndProject
Global
	GlobalSection(SolutionConfigurationPlatforms) = preSolution
		Debug|Any CPU = Debug|Any CPU
		Release|Any CPU = Release|Any CPU
	EndGlobalSection
	GlobalSection(ProjectConfigurationPlatforms) = postSolution
		{BBCAF279-5DD2-4D3B-86A5-4E84EDA20A8A}.Debug|Any CPU.ActiveCfg = Debug|Any CPU
		{BBCAF279-5DD2-4D3B-86A5-4E84EDA20A8A}.Debug|Any CPU.Build.0 = Debug|Any CPU
		{BBCAF279-5DD2-4D3B-86A5-4E84EDA20A8A}.Release|Any CPU.ActiveCfg = Release|Any CPU
		{BBCAF279-5DD2-4D3B-86A5-4E84EDA20A8A}.Release|Any CPU.Build.0 = Release|Any CPU
	EndGlobalSection
	GlobalSection(SolutionProperties) = preSolution
		HideSolutionNode = FALSE
	EndGlobalSection
	GlobalSection(ExtensibilityGlobals) = postSolution
		SolutionGuid = {BDA1A762-4A07-4D45-95F8-9AB1DF563AC1}
	EndGlobalSection
EndGlobal
