
Microsoft Visual Studio Solution File, Format Version 12.00
# Visual Studio Version 16
VisualStudioVersion = 16.0.32002.261
MinimumVisualStudioVersion = 10.0.40219.1
Project("{FAE04EC0-301F-11D3-BF4B-00C04F79EFBC}") = "20220110_RangeThumb", "20220110_RangeThumb\20220110_RangeThumb.csproj", "{AF58117F-F607-4B39-94F7-4C5DE6558F4C}"
EndProject
Global
	GlobalSection(SolutionConfigurationPlatforms) = preSolution
		Debug|Any CPU = Debug|Any CPU
		Release|Any CPU = Release|Any CPU
	EndGlobalSection
	GlobalSection(ProjectConfigurationPlatforms) = postSolution
		{AF58117F-F607-4B39-94F7-4C5DE6558F4C}.Debug|Any CPU.ActiveCfg = Debug|Any CPU
		{AF58117F-F607-4B39-94F7-4C5DE6558F4C}.Debug|Any CPU.Build.0 = Debug|Any CPU
		{AF58117F-F607-4B39-94F7-4C5DE6558F4C}.Release|Any CPU.ActiveCfg = Release|Any CPU
		{AF58117F-F607-4B39-94F7-4C5DE6558F4C}.Release|Any CPU.Build.0 = Release|Any CPU
	EndGlobalSection
	GlobalSection(SolutionProperties) = preSolution
		HideSolutionNode = FALSE
	EndGlobalSection
	GlobalSection(ExtensibilityGlobals) = postSolution
		SolutionGuid = {5327ECE9-DC0D-4566-B1E0-B31E53861561}
	EndGlobalSection
EndGlobal
