
Microsoft Visual Studio Solution File, Format Version 12.00
# Visual Studio Version 17
VisualStudioVersion = 17.4.33205.214
MinimumVisualStudioVersion = 10.0.40219.1
Project("{FAE04EC0-301F-11D3-BF4B-00C04F79EFBC}") = "20221225_ItemsControlThumbReSize", "20221225_ItemsControlThumbReSize\20221225_ItemsControlThumbReSize.csproj", "{94940A76-5A0B-48F3-93E0-03DF6F618991}"
EndProject
Global
	GlobalSection(SolutionConfigurationPlatforms) = preSolution
		Debug|Any CPU = Debug|Any CPU
		Release|Any CPU = Release|Any CPU
	EndGlobalSection
	GlobalSection(ProjectConfigurationPlatforms) = postSolution
		{94940A76-5A0B-48F3-93E0-03DF6F618991}.Debug|Any CPU.ActiveCfg = Debug|Any CPU
		{94940A76-5A0B-48F3-93E0-03DF6F618991}.Debug|Any CPU.Build.0 = Debug|Any CPU
		{94940A76-5A0B-48F3-93E0-03DF6F618991}.Release|Any CPU.ActiveCfg = Release|Any CPU
		{94940A76-5A0B-48F3-93E0-03DF6F618991}.Release|Any CPU.Build.0 = Release|Any CPU
	EndGlobalSection
	GlobalSection(SolutionProperties) = preSolution
		HideSolutionNode = FALSE
	EndGlobalSection
	GlobalSection(ExtensibilityGlobals) = postSolution
		SolutionGuid = {B15A100A-8281-4E72-9D89-FCA9F4C4056F}
	EndGlobalSection
EndGlobal
