
Microsoft Visual Studio Solution File, Format Version 12.00
# Visual Studio Version 16
VisualStudioVersion = 16.0.32413.511
MinimumVisualStudioVersion = 10.0.40219.1
Project("{FAE04EC0-301F-11D3-BF4B-00C04F79EFBC}") = "20220420_単一複数両用Thumb", "20220420_単一複数両用Thumb\20220420_単一複数両用Thumb.csproj", "{820A366B-C3EA-4CEF-B097-AD081E1A0E18}"
EndProject
Global
	GlobalSection(SolutionConfigurationPlatforms) = preSolution
		Debug|Any CPU = Debug|Any CPU
		Release|Any CPU = Release|Any CPU
	EndGlobalSection
	GlobalSection(ProjectConfigurationPlatforms) = postSolution
		{820A366B-C3EA-4CEF-B097-AD081E1A0E18}.Debug|Any CPU.ActiveCfg = Debug|Any CPU
		{820A366B-C3EA-4CEF-B097-AD081E1A0E18}.Debug|Any CPU.Build.0 = Debug|Any CPU
		{820A366B-C3EA-4CEF-B097-AD081E1A0E18}.Release|Any CPU.ActiveCfg = Release|Any CPU
		{820A366B-C3EA-4CEF-B097-AD081E1A0E18}.Release|Any CPU.Build.0 = Release|Any CPU
	EndGlobalSection
	GlobalSection(SolutionProperties) = preSolution
		HideSolutionNode = FALSE
	EndGlobalSection
	GlobalSection(ExtensibilityGlobals) = postSolution
		SolutionGuid = {12459F8F-403B-4A9A-8F09-E81BA1D92E6E}
	EndGlobalSection
EndGlobal
