
Microsoft Visual Studio Solution File, Format Version 12.00
# Visual Studio Version 17
VisualStudioVersion = 17.2.32519.379
MinimumVisualStudioVersion = 10.0.40219.1
Project("{FAE04EC0-301F-11D3-BF4B-00C04F79EFBC}") = "20220530_Thumb", "20220530_Thumb\20220530_Thumb.csproj", "{FDAF3A13-7DEE-461D-A677-F6CB454FB6D4}"
EndProject
Global
	GlobalSection(SolutionConfigurationPlatforms) = preSolution
		Debug|Any CPU = Debug|Any CPU
		Release|Any CPU = Release|Any CPU
	EndGlobalSection
	GlobalSection(ProjectConfigurationPlatforms) = postSolution
		{FDAF3A13-7DEE-461D-A677-F6CB454FB6D4}.Debug|Any CPU.ActiveCfg = Debug|Any CPU
		{FDAF3A13-7DEE-461D-A677-F6CB454FB6D4}.Debug|Any CPU.Build.0 = Debug|Any CPU
		{FDAF3A13-7DEE-461D-A677-F6CB454FB6D4}.Release|Any CPU.ActiveCfg = Release|Any CPU
		{FDAF3A13-7DEE-461D-A677-F6CB454FB6D4}.Release|Any CPU.Build.0 = Release|Any CPU
	EndGlobalSection
	GlobalSection(SolutionProperties) = preSolution
		HideSolutionNode = FALSE
	EndGlobalSection
	GlobalSection(ExtensibilityGlobals) = postSolution
		SolutionGuid = {2A9B7779-A8FD-4373-977E-52F0120CF530}
	EndGlobalSection
EndGlobal
