
Microsoft Visual Studio Solution File, Format Version 12.00
# Visual Studio Version 17
VisualStudioVersion = 17.2.32526.322
MinimumVisualStudioVersion = 10.0.40219.1
Project("{FAE04EC0-301F-11D3-BF4B-00C04F79EFBC}") = "20220610_PolyLineとThumb", "20220610_PolyLineとThumb\20220610_PolyLineとThumb.csproj", "{0A3544AB-3E4A-468C-A66F-DB48EE80346F}"
EndProject
Global
	GlobalSection(SolutionConfigurationPlatforms) = preSolution
		Debug|Any CPU = Debug|Any CPU
		Release|Any CPU = Release|Any CPU
	EndGlobalSection
	GlobalSection(ProjectConfigurationPlatforms) = postSolution
		{0A3544AB-3E4A-468C-A66F-DB48EE80346F}.Debug|Any CPU.ActiveCfg = Debug|Any CPU
		{0A3544AB-3E4A-468C-A66F-DB48EE80346F}.Debug|Any CPU.Build.0 = Debug|Any CPU
		{0A3544AB-3E4A-468C-A66F-DB48EE80346F}.Release|Any CPU.ActiveCfg = Release|Any CPU
		{0A3544AB-3E4A-468C-A66F-DB48EE80346F}.Release|Any CPU.Build.0 = Release|Any CPU
	EndGlobalSection
	GlobalSection(SolutionProperties) = preSolution
		HideSolutionNode = FALSE
	EndGlobalSection
	GlobalSection(ExtensibilityGlobals) = postSolution
		SolutionGuid = {23385FAB-B651-4CB3-89BB-88C0B1767BD3}
	EndGlobalSection
EndGlobal
