
Microsoft Visual Studio Solution File, Format Version 12.00
# Visual Studio Version 17
VisualStudioVersion = 17.4.33205.214
MinimumVisualStudioVersion = 10.0.40219.1
Project("{FAE04EC0-301F-11D3-BF4B-00C04F79EFBC}") = "20221227_ItemsAddRemove", "20221227_ItemsAddRemove\20221227_ItemsAddRemove.csproj", "{CE653797-C94C-493F-8DF7-D62E60BB0695}"
EndProject
Global
	GlobalSection(SolutionConfigurationPlatforms) = preSolution
		Debug|Any CPU = Debug|Any CPU
		Release|Any CPU = Release|Any CPU
	EndGlobalSection
	GlobalSection(ProjectConfigurationPlatforms) = postSolution
		{CE653797-C94C-493F-8DF7-D62E60BB0695}.Debug|Any CPU.ActiveCfg = Debug|Any CPU
		{CE653797-C94C-493F-8DF7-D62E60BB0695}.Debug|Any CPU.Build.0 = Debug|Any CPU
		{CE653797-C94C-493F-8DF7-D62E60BB0695}.Release|Any CPU.ActiveCfg = Release|Any CPU
		{CE653797-C94C-493F-8DF7-D62E60BB0695}.Release|Any CPU.Build.0 = Release|Any CPU
	EndGlobalSection
	GlobalSection(SolutionProperties) = preSolution
		HideSolutionNode = FALSE
	EndGlobalSection
	GlobalSection(ExtensibilityGlobals) = postSolution
		SolutionGuid = {E9965B08-A7E0-4CEA-9570-C2B44E4AED1C}
	EndGlobalSection
EndGlobal
