
Microsoft Visual Studio Solution File, Format Version 12.00
# Visual Studio Version 16
VisualStudioVersion = 16.0.32407.337
MinimumVisualStudioVersion = 10.0.40219.1
Project("{FAE04EC0-301F-11D3-BF4B-00C04F79EFBC}") = "20220415_ItemsControlThumb", "20220415_ItemsControlThumb\20220415_ItemsControlThumb.csproj", "{C2E7BB3E-F21C-4F8C-BDD3-7F3CB2AF430B}"
EndProject
Global
	GlobalSection(SolutionConfigurationPlatforms) = preSolution
		Debug|Any CPU = Debug|Any CPU
		Release|Any CPU = Release|Any CPU
	EndGlobalSection
	GlobalSection(ProjectConfigurationPlatforms) = postSolution
		{C2E7BB3E-F21C-4F8C-BDD3-7F3CB2AF430B}.Debug|Any CPU.ActiveCfg = Debug|Any CPU
		{C2E7BB3E-F21C-4F8C-BDD3-7F3CB2AF430B}.Debug|Any CPU.Build.0 = Debug|Any CPU
		{C2E7BB3E-F21C-4F8C-BDD3-7F3CB2AF430B}.Release|Any CPU.ActiveCfg = Release|Any CPU
		{C2E7BB3E-F21C-4F8C-BDD3-7F3CB2AF430B}.Release|Any CPU.Build.0 = Release|Any CPU
	EndGlobalSection
	GlobalSection(SolutionProperties) = preSolution
		HideSolutionNode = FALSE
	EndGlobalSection
	GlobalSection(ExtensibilityGlobals) = postSolution
		SolutionGuid = {C9C13790-B778-443A-9375-5496E248F7CC}
	EndGlobalSection
EndGlobal
