
Microsoft Visual Studio Solution File, Format Version 12.00
# Visual Studio Version 16
VisualStudioVersion = 16.0.32413.511
MinimumVisualStudioVersion = 10.0.40219.1
Project("{FAE04EC0-301F-11D3-BF4B-00C04F79EFBC}") = "20220425_Thumb", "20220425_Thumb\20220425_Thumb.csproj", "{0912AA79-6DD4-4B8E-95C1-354A784E0275}"
EndProject
Global
	GlobalSection(SolutionConfigurationPlatforms) = preSolution
		Debug|Any CPU = Debug|Any CPU
		Release|Any CPU = Release|Any CPU
	EndGlobalSection
	GlobalSection(ProjectConfigurationPlatforms) = postSolution
		{0912AA79-6DD4-4B8E-95C1-354A784E0275}.Debug|Any CPU.ActiveCfg = Debug|Any CPU
		{0912AA79-6DD4-4B8E-95C1-354A784E0275}.Debug|Any CPU.Build.0 = Debug|Any CPU
		{0912AA79-6DD4-4B8E-95C1-354A784E0275}.Release|Any CPU.ActiveCfg = Release|Any CPU
		{0912AA79-6DD4-4B8E-95C1-354A784E0275}.Release|Any CPU.Build.0 = Release|Any CPU
	EndGlobalSection
	GlobalSection(SolutionProperties) = preSolution
		HideSolutionNode = FALSE
	EndGlobalSection
	GlobalSection(ExtensibilityGlobals) = postSolution
		SolutionGuid = {971BBA55-BA2C-4B6B-8E6E-E985DD4B1535}
	EndGlobalSection
EndGlobal
