
Microsoft Visual Studio Solution File, Format Version 12.00
# Visual Studio Version 16
VisualStudioVersion = 16.0.32002.261
MinimumVisualStudioVersion = 10.0.40219.1
Project("{FAE04EC0-301F-11D3-BF4B-00C04F79EFBC}") = "20220110_RectangleBinding2-2", "20220110_RectangleBinding2-2\20220110_RectangleBinding2-2.csproj", "{CAAB7EEC-D8F9-49A1-966E-0F2524695638}"
EndProject
Global
	GlobalSection(SolutionConfigurationPlatforms) = preSolution
		Debug|Any CPU = Debug|Any CPU
		Release|Any CPU = Release|Any CPU
	EndGlobalSection
	GlobalSection(ProjectConfigurationPlatforms) = postSolution
		{CAAB7EEC-D8F9-49A1-966E-0F2524695638}.Debug|Any CPU.ActiveCfg = Debug|Any CPU
		{CAAB7EEC-D8F9-49A1-966E-0F2524695638}.Debug|Any CPU.Build.0 = Debug|Any CPU
		{CAAB7EEC-D8F9-49A1-966E-0F2524695638}.Release|Any CPU.ActiveCfg = Release|Any CPU
		{CAAB7EEC-D8F9-49A1-966E-0F2524695638}.Release|Any CPU.Build.0 = Release|Any CPU
	EndGlobalSection
	GlobalSection(SolutionProperties) = preSolution
		HideSolutionNode = FALSE
	EndGlobalSection
	GlobalSection(ExtensibilityGlobals) = postSolution
		SolutionGuid = {FE8CEBD8-FE1F-4829-A3D9-5727230E63F5}
	EndGlobalSection
EndGlobal
