
Microsoft Visual Studio Solution File, Format Version 12.00
# Visual Studio Version 17
VisualStudioVersion = 17.2.32616.157
MinimumVisualStudioVersion = 10.0.40219.1
Project("{FAE04EC0-301F-11D3-BF4B-00C04F79EFBC}") = "20220704", "20220704\20220704.csproj", "{915E1FBC-F32F-46EB-B440-216D784DCB96}"
EndProject
Global
	GlobalSection(SolutionConfigurationPlatforms) = preSolution
		Debug|Any CPU = Debug|Any CPU
		Release|Any CPU = Release|Any CPU
	EndGlobalSection
	GlobalSection(ProjectConfigurationPlatforms) = postSolution
		{915E1FBC-F32F-46EB-B440-216D784DCB96}.Debug|Any CPU.ActiveCfg = Debug|Any CPU
		{915E1FBC-F32F-46EB-B440-216D784DCB96}.Debug|Any CPU.Build.0 = Debug|Any CPU
		{915E1FBC-F32F-46EB-B440-216D784DCB96}.Release|Any CPU.ActiveCfg = Release|Any CPU
		{915E1FBC-F32F-46EB-B440-216D784DCB96}.Release|Any CPU.Build.0 = Release|Any CPU
	EndGlobalSection
	GlobalSection(SolutionProperties) = preSolution
		HideSolutionNode = FALSE
	EndGlobalSection
	GlobalSection(ExtensibilityGlobals) = postSolution
		SolutionGuid = {C16FF11E-4352-4699-8787-4FC41A6670EF}
	EndGlobalSection
EndGlobal
