
Microsoft Visual Studio Solution File, Format Version 12.00
# Visual Studio Version 17
VisualStudioVersion = 17.2.32526.322
MinimumVisualStudioVersion = 10.0.40219.1
Project("{FAE04EC0-301F-11D3-BF4B-00C04F79EFBC}") = "20220615_TextBoxThumb0", "20220615_TextBoxThumb0\20220615_TextBoxThumb0.csproj", "{1D4F74DB-0717-4FEA-B51D-7693737D98EA}"
EndProject
Global
	GlobalSection(SolutionConfigurationPlatforms) = preSolution
		Debug|Any CPU = Debug|Any CPU
		Release|Any CPU = Release|Any CPU
	EndGlobalSection
	GlobalSection(ProjectConfigurationPlatforms) = postSolution
		{1D4F74DB-0717-4FEA-B51D-7693737D98EA}.Debug|Any CPU.ActiveCfg = Debug|Any CPU
		{1D4F74DB-0717-4FEA-B51D-7693737D98EA}.Debug|Any CPU.Build.0 = Debug|Any CPU
		{1D4F74DB-0717-4FEA-B51D-7693737D98EA}.Release|Any CPU.ActiveCfg = Release|Any CPU
		{1D4F74DB-0717-4FEA-B51D-7693737D98EA}.Release|Any CPU.Build.0 = Release|Any CPU
	EndGlobalSection
	GlobalSection(SolutionProperties) = preSolution
		HideSolutionNode = FALSE
	EndGlobalSection
	GlobalSection(ExtensibilityGlobals) = postSolution
		SolutionGuid = {F2A873B6-1B15-4760-8104-77115939DA8F}
	EndGlobalSection
EndGlobal
