
Microsoft Visual Studio Solution File, Format Version 12.00
# Visual Studio Version 17
VisualStudioVersion = 17.4.33122.133
MinimumVisualStudioVersion = 10.0.40219.1
Project("{FAE04EC0-301F-11D3-BF4B-00C04F79EFBC}") = "20221204_矢印図形", "20221204_矢印図形\20221204_矢印図形.csproj", "{6BB2EAD0-0476-4368-A762-AD86024C83DB}"
EndProject
Global
	GlobalSection(SolutionConfigurationPlatforms) = preSolution
		Debug|Any CPU = Debug|Any CPU
		Release|Any CPU = Release|Any CPU
	EndGlobalSection
	GlobalSection(ProjectConfigurationPlatforms) = postSolution
		{6BB2EAD0-0476-4368-A762-AD86024C83DB}.Debug|Any CPU.ActiveCfg = Debug|Any CPU
		{6BB2EAD0-0476-4368-A762-AD86024C83DB}.Debug|Any CPU.Build.0 = Debug|Any CPU
		{6BB2EAD0-0476-4368-A762-AD86024C83DB}.Release|Any CPU.ActiveCfg = Release|Any CPU
		{6BB2EAD0-0476-4368-A762-AD86024C83DB}.Release|Any CPU.Build.0 = Release|Any CPU
	EndGlobalSection
	GlobalSection(SolutionProperties) = preSolution
		HideSolutionNode = FALSE
	EndGlobalSection
	GlobalSection(ExtensibilityGlobals) = postSolution
		SolutionGuid = {0FE6FD29-0DC0-4009-90D5-DC7FCB8EB67A}
	EndGlobalSection
EndGlobal
