
Microsoft Visual Studio Solution File, Format Version 12.00
# Visual Studio Version 17
VisualStudioVersion = 17.3.32901.215
MinimumVisualStudioVersion = 10.0.40219.1
Project("{FAE04EC0-301F-11D3-BF4B-00C04F79EFBC}") = "_20220918_バインドでDataContextが見つかりません", "_20220918_バインドでDataContextが見つかりません\_20220918_バインドでDataContextが見つかりません.csproj", "{22E1F500-EA16-49EF-AD51-0E2C6D74C68E}"
EndProject
Global
	GlobalSection(SolutionConfigurationPlatforms) = preSolution
		Debug|Any CPU = Debug|Any CPU
		Release|Any CPU = Release|Any CPU
	EndGlobalSection
	GlobalSection(ProjectConfigurationPlatforms) = postSolution
		{22E1F500-EA16-49EF-AD51-0E2C6D74C68E}.Debug|Any CPU.ActiveCfg = Debug|Any CPU
		{22E1F500-EA16-49EF-AD51-0E2C6D74C68E}.Debug|Any CPU.Build.0 = Debug|Any CPU
		{22E1F500-EA16-49EF-AD51-0E2C6D74C68E}.Release|Any CPU.ActiveCfg = Release|Any CPU
		{22E1F500-EA16-49EF-AD51-0E2C6D74C68E}.Release|Any CPU.Build.0 = Release|Any CPU
	EndGlobalSection
	GlobalSection(SolutionProperties) = preSolution
		HideSolutionNode = FALSE
	EndGlobalSection
	GlobalSection(ExtensibilityGlobals) = postSolution
		SolutionGuid = {07615215-D98E-4743-AE73-65363080A4CB}
	EndGlobalSection
EndGlobal
