
Microsoft Visual Studio Solution File, Format Version 12.00
# Visual Studio Version 16
VisualStudioVersion = 16.0.32228.343
MinimumVisualStudioVersion = 10.0.40219.1
Project("{FAE04EC0-301F-11D3-BF4B-00C04F79EFBC}") = "20220409_CanvasBinding", "20220409_CanvasBinding\20220409_CanvasBinding.csproj", "{F49CBFD3-9F20-4A01-94D6-6BF2EE1A23D0}"
EndProject
Global
	GlobalSection(SolutionConfigurationPlatforms) = preSolution
		Debug|Any CPU = Debug|Any CPU
		Release|Any CPU = Release|Any CPU
	EndGlobalSection
	GlobalSection(ProjectConfigurationPlatforms) = postSolution
		{F49CBFD3-9F20-4A01-94D6-6BF2EE1A23D0}.Debug|Any CPU.ActiveCfg = Debug|Any CPU
		{F49CBFD3-9F20-4A01-94D6-6BF2EE1A23D0}.Debug|Any CPU.Build.0 = Debug|Any CPU
		{F49CBFD3-9F20-4A01-94D6-6BF2EE1A23D0}.Release|Any CPU.ActiveCfg = Release|Any CPU
		{F49CBFD3-9F20-4A01-94D6-6BF2EE1A23D0}.Release|Any CPU.Build.0 = Release|Any CPU
	EndGlobalSection
	GlobalSection(SolutionProperties) = preSolution
		HideSolutionNode = FALSE
	EndGlobalSection
	GlobalSection(ExtensibilityGlobals) = postSolution
		SolutionGuid = {1F4318C8-AF91-4F59-A2A9-92E6B0FA8129}
	EndGlobalSection
EndGlobal
