
Microsoft Visual Studio Solution File, Format Version 12.00
# Visual Studio Version 17
VisualStudioVersion = 17.4.33205.214
MinimumVisualStudioVersion = 10.0.40219.1
Project("{FAE04EC0-301F-11D3-BF4B-00C04F79EFBC}") = "20221222_ExCanvas_Thumb", "20221222_ExCanvas_Thumb\20221222_ExCanvas_Thumb.csproj", "{1D09ADA3-D733-4273-9B12-47C111C6506E}"
EndProject
Global
	GlobalSection(SolutionConfigurationPlatforms) = preSolution
		Debug|Any CPU = Debug|Any CPU
		Release|Any CPU = Release|Any CPU
	EndGlobalSection
	GlobalSection(ProjectConfigurationPlatforms) = postSolution
		{1D09ADA3-D733-4273-9B12-47C111C6506E}.Debug|Any CPU.ActiveCfg = Debug|Any CPU
		{1D09ADA3-D733-4273-9B12-47C111C6506E}.Debug|Any CPU.Build.0 = Debug|Any CPU
		{1D09ADA3-D733-4273-9B12-47C111C6506E}.Release|Any CPU.ActiveCfg = Release|Any CPU
		{1D09ADA3-D733-4273-9B12-47C111C6506E}.Release|Any CPU.Build.0 = Release|Any CPU
	EndGlobalSection
	GlobalSection(SolutionProperties) = preSolution
		HideSolutionNode = FALSE
	EndGlobalSection
	GlobalSection(ExtensibilityGlobals) = postSolution
		SolutionGuid = {64573750-30EA-45FB-AAA7-94604E6D1F21}
	EndGlobalSection
EndGlobal
