
Microsoft Visual Studio Solution File, Format Version 12.00
# Visual Studio Version 17
VisualStudioVersion = 17.4.33205.214
MinimumVisualStudioVersion = 10.0.40219.1
Project("{FAE04EC0-301F-11D3-BF4B-00C04F79EFBC}") = "20221224_AutoResizeCanvasFromWeb", "20221224_AutoResizeCanvasFromWeb\20221224_AutoResizeCanvasFromWeb.csproj", "{1F16A3CA-1164-43FB-B13E-EB92CD1561FE}"
EndProject
Global
	GlobalSection(SolutionConfigurationPlatforms) = preSolution
		Debug|Any CPU = Debug|Any CPU
		Release|Any CPU = Release|Any CPU
	EndGlobalSection
	GlobalSection(ProjectConfigurationPlatforms) = postSolution
		{1F16A3CA-1164-43FB-B13E-EB92CD1561FE}.Debug|Any CPU.ActiveCfg = Debug|Any CPU
		{1F16A3CA-1164-43FB-B13E-EB92CD1561FE}.Debug|Any CPU.Build.0 = Debug|Any CPU
		{1F16A3CA-1164-43FB-B13E-EB92CD1561FE}.Release|Any CPU.ActiveCfg = Release|Any CPU
		{1F16A3CA-1164-43FB-B13E-EB92CD1561FE}.Release|Any CPU.Build.0 = Release|Any CPU
	EndGlobalSection
	GlobalSection(SolutionProperties) = preSolution
		HideSolutionNode = FALSE
	EndGlobalSection
	GlobalSection(ExtensibilityGlobals) = postSolution
		SolutionGuid = {8210BE33-A7CF-4987-BB85-4A0A82D0A396}
	EndGlobalSection
EndGlobal
