
Microsoft Visual Studio Solution File, Format Version 12.00
# Visual Studio Version 16
VisualStudioVersion = 16.0.32228.343
MinimumVisualStudioVersion = 10.0.40219.1
Project("{FAE04EC0-301F-11D3-BF4B-00C04F79EFBC}") = "20220401_clipboardViewerSample", "20220401_clipboardViewerSample\20220401_clipboardViewerSample.csproj", "{775C62EA-883D-4919-89E2-894AB3DBF371}"
EndProject
Global
	GlobalSection(SolutionConfigurationPlatforms) = preSolution
		Debug|Any CPU = Debug|Any CPU
		Release|Any CPU = Release|Any CPU
	EndGlobalSection
	GlobalSection(ProjectConfigurationPlatforms) = postSolution
		{775C62EA-883D-4919-89E2-894AB3DBF371}.Debug|Any CPU.ActiveCfg = Debug|Any CPU
		{775C62EA-883D-4919-89E2-894AB3DBF371}.Debug|Any CPU.Build.0 = Debug|Any CPU
		{775C62EA-883D-4919-89E2-894AB3DBF371}.Release|Any CPU.ActiveCfg = Release|Any CPU
		{775C62EA-883D-4919-89E2-894AB3DBF371}.Release|Any CPU.Build.0 = Release|Any CPU
	EndGlobalSection
	GlobalSection(SolutionProperties) = preSolution
		HideSolutionNode = FALSE
	EndGlobalSection
	GlobalSection(ExtensibilityGlobals) = postSolution
		SolutionGuid = {2A9FC8CC-1CBE-4B6F-8EAE-08923D4F28D6}
	EndGlobalSection
EndGlobal
