
Microsoft Visual Studio Solution File, Format Version 12.00
# Visual Studio Version 17
VisualStudioVersion = 17.4.33205.214
MinimumVisualStudioVersion = 10.0.40219.1
Project("{FAE04EC0-301F-11D3-BF4B-00C04F79EFBC}") = "20221216_Group用Template", "20221216_Group用Template\20221216_Group用Template.csproj", "{34043AB1-E585-4AD1-9018-7D54A08404E1}"
EndProject
Global
	GlobalSection(SolutionConfigurationPlatforms) = preSolution
		Debug|Any CPU = Debug|Any CPU
		Release|Any CPU = Release|Any CPU
	EndGlobalSection
	GlobalSection(ProjectConfigurationPlatforms) = postSolution
		{34043AB1-E585-4AD1-9018-7D54A08404E1}.Debug|Any CPU.ActiveCfg = Debug|Any CPU
		{34043AB1-E585-4AD1-9018-7D54A08404E1}.Debug|Any CPU.Build.0 = Debug|Any CPU
		{34043AB1-E585-4AD1-9018-7D54A08404E1}.Release|Any CPU.ActiveCfg = Release|Any CPU
		{34043AB1-E585-4AD1-9018-7D54A08404E1}.Release|Any CPU.Build.0 = Release|Any CPU
	EndGlobalSection
	GlobalSection(SolutionProperties) = preSolution
		HideSolutionNode = FALSE
	EndGlobalSection
	GlobalSection(ExtensibilityGlobals) = postSolution
		SolutionGuid = {821AB162-3B89-4151-8922-6013CA8B254E}
	EndGlobalSection
EndGlobal
