
Microsoft Visual Studio Solution File, Format Version 12.00
# Visual Studio Version 17
VisualStudioVersion = 17.4.33110.190
MinimumVisualStudioVersion = 10.0.40219.1
Project("{FAE04EC0-301F-11D3-BF4B-00C04F79EFBC}") = "20221128", "20221128\20221128.csproj", "{805384BC-5ADE-4B2A-A62C-D69945DA75D6}"
EndProject
Global
	GlobalSection(SolutionConfigurationPlatforms) = preSolution
		Debug|Any CPU = Debug|Any CPU
		Release|Any CPU = Release|Any CPU
	EndGlobalSection
	GlobalSection(ProjectConfigurationPlatforms) = postSolution
		{805384BC-5ADE-4B2A-A62C-D69945DA75D6}.Debug|Any CPU.ActiveCfg = Debug|Any CPU
		{805384BC-5ADE-4B2A-A62C-D69945DA75D6}.Debug|Any CPU.Build.0 = Debug|Any CPU
		{805384BC-5ADE-4B2A-A62C-D69945DA75D6}.Release|Any CPU.ActiveCfg = Release|Any CPU
		{805384BC-5ADE-4B2A-A62C-D69945DA75D6}.Release|Any CPU.Build.0 = Release|Any CPU
	EndGlobalSection
	GlobalSection(SolutionProperties) = preSolution
		HideSolutionNode = FALSE
	EndGlobalSection
	GlobalSection(ExtensibilityGlobals) = postSolution
		SolutionGuid = {72443251-9F47-40CF-B1A4-B3D9383B8E7C}
	EndGlobalSection
EndGlobal
