
Microsoft Visual Studio Solution File, Format Version 12.00
# Visual Studio Version 17
VisualStudioVersion = 17.2.32616.157
MinimumVisualStudioVersion = 10.0.40219.1
Project("{FAE04EC0-301F-11D3-BF4B-00C04F79EFBC}") = "20220628", "20220628\20220628.csproj", "{6AE23AF3-2375-49E2-BD1B-7ADE077236A6}"
EndProject
Global
	GlobalSection(SolutionConfigurationPlatforms) = preSolution
		Debug|Any CPU = Debug|Any CPU
		Release|Any CPU = Release|Any CPU
	EndGlobalSection
	GlobalSection(ProjectConfigurationPlatforms) = postSolution
		{6AE23AF3-2375-49E2-BD1B-7ADE077236A6}.Debug|Any CPU.ActiveCfg = Debug|Any CPU
		{6AE23AF3-2375-49E2-BD1B-7ADE077236A6}.Debug|Any CPU.Build.0 = Debug|Any CPU
		{6AE23AF3-2375-49E2-BD1B-7ADE077236A6}.Release|Any CPU.ActiveCfg = Release|Any CPU
		{6AE23AF3-2375-49E2-BD1B-7ADE077236A6}.Release|Any CPU.Build.0 = Release|Any CPU
	EndGlobalSection
	GlobalSection(SolutionProperties) = preSolution
		HideSolutionNode = FALSE
	EndGlobalSection
	GlobalSection(ExtensibilityGlobals) = postSolution
		SolutionGuid = {120A7EEF-CB70-459F-8C90-332475E1904F}
	EndGlobalSection
EndGlobal
