
Microsoft Visual Studio Solution File, Format Version 12.00
# Visual Studio Version 17
VisualStudioVersion = 17.4.33110.190
MinimumVisualStudioVersion = 10.0.40219.1
Project("{FAE04EC0-301F-11D3-BF4B-00C04F79EFBC}") = "20221127_図形矢印Thumb", "20221127_図形矢印Thumb\20221127_図形矢印Thumb.csproj", "{075EF716-117D-426A-A75A-C934FA000F34}"
EndProject
Global
	GlobalSection(SolutionConfigurationPlatforms) = preSolution
		Debug|Any CPU = Debug|Any CPU
		Release|Any CPU = Release|Any CPU
	EndGlobalSection
	GlobalSection(ProjectConfigurationPlatforms) = postSolution
		{075EF716-117D-426A-A75A-C934FA000F34}.Debug|Any CPU.ActiveCfg = Debug|Any CPU
		{075EF716-117D-426A-A75A-C934FA000F34}.Debug|Any CPU.Build.0 = Debug|Any CPU
		{075EF716-117D-426A-A75A-C934FA000F34}.Release|Any CPU.ActiveCfg = Release|Any CPU
		{075EF716-117D-426A-A75A-C934FA000F34}.Release|Any CPU.Build.0 = Release|Any CPU
	EndGlobalSection
	GlobalSection(SolutionProperties) = preSolution
		HideSolutionNode = FALSE
	EndGlobalSection
	GlobalSection(ExtensibilityGlobals) = postSolution
		SolutionGuid = {012EA523-3856-431C-9342-60EB63107F1A}
	EndGlobalSection
EndGlobal
